
Microsoft Visual Studio Solution File, Format Version 12.00
# Visual Studio Version 16
VisualStudioVersion = 25.0.1706.3
MinimumVisualStudioVersion = 10.0.40219.1
Project("{FAE04EC0-301F-11D3-BF4B-00C04F79EFBC}") = "PMSeeder", "PMSeeder\PMSeeder.csproj", "{BAFD1249-F981-4A5D-A61D-B772A21673CE}"
EndProject
Project("{FAE04EC0-301F-11D3-BF4B-00C04F79EFBC}") = "PMSeeder.Domain", "PMSeeder.Domain\PMSeeder.Domain.csproj", "{C3CBDC93-16AA-4ABB-9C2C-BC4C787BEAC3}"
EndProject
Project("{FAE04EC0-301F-11D3-BF4B-00C04F79EFBC}") = "PMSeeder.Core", "PMSeeder.Core\PMSeeder.Core.csproj", "{42547D03-936B-42D0-95DA-65FE494C3E8E}"
EndProject
Project("{2150E333-8FDC-42A3-9474-1A3956D46DE8}") = "Solution Items", "Solution Items", "{2F83D4CF-FACE-4947-96BB-F9794894F60F}"
	ProjectSection(SolutionItems) = preProject
		README.mk = README.mk
	EndProjectSection
EndProject
Project("{FAE04EC0-301F-11D3-BF4B-00C04F79EFBC}") = "PMSeeder.Core.Tests", "Tests\PMSeeder.Core.Tests\PMSeeder.Core.Tests.csproj", "{AA8E2A95-C7AC-4492-92CE-B0DD42BB12FD}"
EndProject
Global
	GlobalSection(SolutionConfigurationPlatforms) = preSolution
		Debug|Any CPU = Debug|Any CPU
		Release|Any CPU = Release|Any CPU
	EndGlobalSection
	GlobalSection(ProjectConfigurationPlatforms) = postSolution
		{BAFD1249-F981-4A5D-A61D-B772A21673CE}.Debug|Any CPU.ActiveCfg = Debug|Any CPU
		{BAFD1249-F981-4A5D-A61D-B772A21673CE}.Debug|Any CPU.Build.0 = Debug|Any CPU
		{BAFD1249-F981-4A5D-A61D-B772A21673CE}.Release|Any CPU.ActiveCfg = Release|Any CPU
		{BAFD1249-F981-4A5D-A61D-B772A21673CE}.Release|Any CPU.Build.0 = Release|Any CPU
		{C3CBDC93-16AA-4ABB-9C2C-BC4C787BEAC3}.Debug|Any CPU.ActiveCfg = Debug|Any CPU
		{C3CBDC93-16AA-4ABB-9C2C-BC4C787BEAC3}.Debug|Any CPU.Build.0 = Debug|Any CPU
		{C3CBDC93-16AA-4ABB-9C2C-BC4C787BEAC3}.Release|Any CPU.ActiveCfg = Release|Any CPU
		{C3CBDC93-16AA-4ABB-9C2C-BC4C787BEAC3}.Release|Any CPU.Build.0 = Release|Any CPU
		{42547D03-936B-42D0-95DA-65FE494C3E8E}.Debug|Any CPU.ActiveCfg = Debug|Any CPU
		{42547D03-936B-42D0-95DA-65FE494C3E8E}.Debug|Any CPU.Build.0 = Debug|Any CPU
		{42547D03-936B-42D0-95DA-65FE494C3E8E}.Release|Any CPU.ActiveCfg = Release|Any CPU
		{42547D03-936B-42D0-95DA-65FE494C3E8E}.Release|Any CPU.Build.0 = Release|Any CPU
		{AA8E2A95-C7AC-4492-92CE-B0DD42BB12FD}.Debug|Any CPU.ActiveCfg = Debug|Any CPU
		{AA8E2A95-C7AC-4492-92CE-B0DD42BB12FD}.Debug|Any CPU.Build.0 = Debug|Any CPU
		{AA8E2A95-C7AC-4492-92CE-B0DD42BB12FD}.Release|Any CPU.ActiveCfg = Release|Any CPU
		{AA8E2A95-C7AC-4492-92CE-B0DD42BB12FD}.Release|Any CPU.Build.0 = Release|Any CPU
	EndGlobalSection
	GlobalSection(SolutionProperties) = preSolution
		HideSolutionNode = FALSE
	EndGlobalSection
	GlobalSection(ExtensibilityGlobals) = postSolution
		SolutionGuid = {E86B3F56-614F-44CE-91E0-419E06A7CB02}
	EndGlobalSection
EndGlobal
